
Microsoft Visual Studio Solution File, Format Version 12.00
# Visual Studio Version 17
VisualStudioVersion = 17.6.33815.320
MinimumVisualStudioVersion = 10.0.40219.1
Project("{9A19103F-16F7-4668-BE54-9A1E7A4F7556}") = "OrderBook.API", "OrderBookApi\OrderBook.API.csproj", "{0AA29E6F-D56A-4523-8293-1D3FE79F0B80}"
EndProject
Project("{FAE04EC0-301F-11D3-BF4B-00C04F79EFBC}") = "Application", "Application\Application.csproj", "{9DB09F1A-CB35-48EF-A481-043E6E48C4F1}"
EndProject
Project("{FAE04EC0-301F-11D3-BF4B-00C04F79EFBC}") = "Entities", "Entities\Entities.csproj", "{1A301392-D038-4AB5-BCD4-94544B27381E}"
EndProject
Project("{FAE04EC0-301F-11D3-BF4B-00C04F79EFBC}") = "Infrastructure", "Infrastructure\Infrastructure.csproj", "{C11A55AC-CFF3-482C-9AEB-EB2E8C5120C0}"
EndProject
Project("{FAE04EC0-301F-11D3-BF4B-00C04F79EFBC}") = "DTOs", "DTOs\DTOs.csproj", "{D772F068-76C9-44A2-804C-7A7CEB62E20F}"
EndProject
Global
	GlobalSection(SolutionConfigurationPlatforms) = preSolution
		Debug|Any CPU = Debug|Any CPU
		Release|Any CPU = Release|Any CPU
	EndGlobalSection
	GlobalSection(ProjectConfigurationPlatforms) = postSolution
		{0AA29E6F-D56A-4523-8293-1D3FE79F0B80}.Debug|Any CPU.ActiveCfg = Debug|Any CPU
		{0AA29E6F-D56A-4523-8293-1D3FE79F0B80}.Debug|Any CPU.Build.0 = Debug|Any CPU
		{0AA29E6F-D56A-4523-8293-1D3FE79F0B80}.Release|Any CPU.ActiveCfg = Release|Any CPU
		{0AA29E6F-D56A-4523-8293-1D3FE79F0B80}.Release|Any CPU.Build.0 = Release|Any CPU
		{9DB09F1A-CB35-48EF-A481-043E6E48C4F1}.Debug|Any CPU.ActiveCfg = Debug|Any CPU
		{9DB09F1A-CB35-48EF-A481-043E6E48C4F1}.Debug|Any CPU.Build.0 = Debug|Any CPU
		{9DB09F1A-CB35-48EF-A481-043E6E48C4F1}.Release|Any CPU.ActiveCfg = Release|Any CPU
		{9DB09F1A-CB35-48EF-A481-043E6E48C4F1}.Release|Any CPU.Build.0 = Release|Any CPU
		{1A301392-D038-4AB5-BCD4-94544B27381E}.Debug|Any CPU.ActiveCfg = Debug|Any CPU
		{1A301392-D038-4AB5-BCD4-94544B27381E}.Debug|Any CPU.Build.0 = Debug|Any CPU
		{1A301392-D038-4AB5-BCD4-94544B27381E}.Release|Any CPU.ActiveCfg = Release|Any CPU
		{1A301392-D038-4AB5-BCD4-94544B27381E}.Release|Any CPU.Build.0 = Release|Any CPU
		{C11A55AC-CFF3-482C-9AEB-EB2E8C5120C0}.Debug|Any CPU.ActiveCfg = Debug|Any CPU
		{C11A55AC-CFF3-482C-9AEB-EB2E8C5120C0}.Debug|Any CPU.Build.0 = Debug|Any CPU
		{C11A55AC-CFF3-482C-9AEB-EB2E8C5120C0}.Release|Any CPU.ActiveCfg = Release|Any CPU
		{C11A55AC-CFF3-482C-9AEB-EB2E8C5120C0}.Release|Any CPU.Build.0 = Release|Any CPU
		{D772F068-76C9-44A2-804C-7A7CEB62E20F}.Debug|Any CPU.ActiveCfg = Debug|Any CPU
		{D772F068-76C9-44A2-804C-7A7CEB62E20F}.Debug|Any CPU.Build.0 = Debug|Any CPU
		{D772F068-76C9-44A2-804C-7A7CEB62E20F}.Release|Any CPU.ActiveCfg = Release|Any CPU
		{D772F068-76C9-44A2-804C-7A7CEB62E20F}.Release|Any CPU.Build.0 = Release|Any CPU
	EndGlobalSection
	GlobalSection(SolutionProperties) = preSolution
		HideSolutionNode = FALSE
	EndGlobalSection
	GlobalSection(ExtensibilityGlobals) = postSolution
		SolutionGuid = {DFB4E72B-51D2-4D05-ABC6-B15C71F9BEC7}
	EndGlobalSection
EndGlobal
